// !$*UTF8*$!
{
	archiveVersion = 1;
	classes = {
	};
	objectVersion = 46;
	objects = {

/* Begin PBXBuildFile section */
		63479D49A5BD46C5861A1074 /* libPods-SwiftParseLogin.a in Frameworks */ = {isa = PBXBuildFile; fileRef = 128BF25B3896441391B1E66A /* libPods-SwiftParseLogin.a */; };
		F9B4A1F319CC4A910087A5D3 /* AppDelegate.swift in Sources */ = {isa = PBXBuildFile; fileRef = F9B4A1F219CC4A910087A5D3 /* AppDelegate.swift */; };
		F9B4A1F519CC4A910087A5D3 /* ViewController.swift in Sources */ = {isa = PBXBuildFile; fileRef = F9B4A1F419CC4A910087A5D3 /* ViewController.swift */; };
		F9B4A1F819CC4A910087A5D3 /* Main.storyboard in Resources */ = {isa = PBXBuildFile; fileRef = F9B4A1F619CC4A910087A5D3 /* Main.storyboard */; };
		F9B4A1FA19CC4A910087A5D3 /* Images.xcassets in Resources */ = {isa = PBXBuildFile; fileRef = F9B4A1F919CC4A910087A5D3 /* Images.xcassets */; };
		F9B4A20619CC4A920087A5D3 /* SwiftParseLoginTests.swift in Sources */ = {isa = PBXBuildFile; fileRef = F9B4A20519CC4A920087A5D3 /* SwiftParseLoginTests.swift */; };
		F9E77AD719D1570C00A4E3C8 /* dark-background.png in Resources */ = {isa = PBXBuildFile; fileRef = F9E77AD619D1570C00A4E3C8 /* dark-background.png */; };
		F9E77ADA19D16F6900A4E3C8 /* Logo.png in Resources */ = {isa = PBXBuildFile; fileRef = F9E77AD919D16F6900A4E3C8 /* Logo.png */; };
/* End PBXBuildFile section */

/* Begin PBXContainerItemProxy section */
		F9B4A20019CC4A920087A5D3 /* PBXContainerItemProxy */ = {
			isa = PBXContainerItemProxy;
			containerPortal = F9B4A1E519CC4A8E0087A5D3 /* Project object */;
			proxyType = 1;
			remoteGlobalIDString = F9B4A1EC19CC4A8F0087A5D3;
			remoteInfo = SwiftParseLogin;
		};
/* End PBXContainerItemProxy section */

/* Begin PBXFileReference section */
		128BF25B3896441391B1E66A /* libPods-SwiftParseLogin.a */ = {isa = PBXFileReference; explicitFileType = archive.ar; includeInIndex = 0; path = "libPods-SwiftParseLogin.a"; sourceTree = BUILT_PRODUCTS_DIR; };
		29AE02164ABA47FAA5B55A63 /* Pods-SwiftParseLogin.xcconfig */ = {isa = PBXFileReference; includeInIndex = 1; lastKnownFileType = text.xcconfig; name = "Pods-SwiftParseLogin.xcconfig"; path = "Pods/Pods-SwiftParseLogin.xcconfig"; sourceTree = "<group>"; };
		F9B4A1ED19CC4A900087A5D3 /* SwiftParseLogin.app */ = {isa = PBXFileReference; explicitFileType = wrapper.application; includeInIndex = 0; path = SwiftParseLogin.app; sourceTree = BUILT_PRODUCTS_DIR; };
		F9B4A1F119CC4A910087A5D3 /* Info.plist */ = {isa = PBXFileReference; lastKnownFileType = text.plist.xml; path = Info.plist; sourceTree = "<group>"; };
		F9B4A1F219CC4A910087A5D3 /* AppDelegate.swift */ = {isa = PBXFileReference; lastKnownFileType = sourcecode.swift; path = AppDelegate.swift; sourceTree = "<group>"; };
		F9B4A1F419CC4A910087A5D3 /* ViewController.swift */ = {isa = PBXFileReference; lastKnownFileType = sourcecode.swift; path = ViewController.swift; sourceTree = "<group>"; };
		F9B4A1F719CC4A910087A5D3 /* Base */ = {isa = PBXFileReference; lastKnownFileType = file.storyboard; name = Base; path = Base.lproj/Main.storyboard; sourceTree = "<group>"; };
		F9B4A1F919CC4A910087A5D3 /* Images.xcassets */ = {isa = PBXFileReference; lastKnownFileType = folder.assetcatalog; path = Images.xcassets; sourceTree = "<group>"; };
		F9B4A1FF19CC4A920087A5D3 /* SwiftParseLoginTests.xctest */ = {isa = PBXFileReference; explicitFileType = wrapper.cfbundle; includeInIndex = 0; path = SwiftParseLoginTests.xctest; sourceTree = BUILT_PRODUCTS_DIR; };
		F9B4A20419CC4A920087A5D3 /* Info.plist */ = {isa = PBXFileReference; lastKnownFileType = text.plist.xml; path = Info.plist; sourceTree = "<group>"; };
		F9B4A20519CC4A920087A5D3 /* SwiftParseLoginTests.swift */ = {isa = PBXFileReference; lastKnownFileType = sourcecode.swift; path = SwiftParseLoginTests.swift; sourceTree = "<group>"; };
		F9B4A20F19CC4E6B0087A5D3 /* Bridging-Header.h */ = {isa = PBXFileReference; fileEncoding = 4; lastKnownFileType = sourcecode.c.h; path = "Bridging-Header.h"; sourceTree = "<group>"; };
		F9E77AD619D1570C00A4E3C8 /* dark-background.png */ = {isa = PBXFileReference; lastKnownFileType = image.png; path = "dark-background.png"; sourceTree = "<group>"; };
		F9E77AD919D16F6900A4E3C8 /* Logo.png */ = {isa = PBXFileReference; lastKnownFileType = image.png; path = Logo.png; sourceTree = "<group>"; };
/* End PBXFileReference section */

/* Begin PBXFrameworksBuildPhase section */
		F9B4A1EA19CC4A8F0087A5D3 /* Frameworks */ = {
			isa = PBXFrameworksBuildPhase;
			buildActionMask = 2147483647;
			files = (
				63479D49A5BD46C5861A1074 /* libPods-SwiftParseLogin.a in Frameworks */,
			);
			runOnlyForDeploymentPostprocessing = 0;
		};
		F9B4A1FC19CC4A920087A5D3 /* Frameworks */ = {
			isa = PBXFrameworksBuildPhase;
			buildActionMask = 2147483647;
			files = (
			);
			runOnlyForDeploymentPostprocessing = 0;
		};
/* End PBXFrameworksBuildPhase section */

/* Begin PBXGroup section */
		E756F5839E354637937592B4 /* Frameworks */ = {
			isa = PBXGroup;
			children = (
				128BF25B3896441391B1E66A /* libPods-SwiftParseLogin.a */,
			);
			name = Frameworks;
			sourceTree = "<group>";
		};
		F9B4A1E419CC4A8E0087A5D3 = {
			isa = PBXGroup;
			children = (
				F9B4A20F19CC4E6B0087A5D3 /* Bridging-Header.h */,
				F9B4A1EF19CC4A900087A5D3 /* SwiftParseLogin */,
				F9B4A20219CC4A920087A5D3 /* SwiftParseLoginTests */,
				F9B4A1EE19CC4A900087A5D3 /* Products */,
				29AE02164ABA47FAA5B55A63 /* Pods-SwiftParseLogin.xcconfig */,
				E756F5839E354637937592B4 /* Frameworks */,
			);
			sourceTree = "<group>";
		};
		F9B4A1EE19CC4A900087A5D3 /* Products */ = {
			isa = PBXGroup;
			children = (
				F9B4A1ED19CC4A900087A5D3 /* SwiftParseLogin.app */,
				F9B4A1FF19CC4A920087A5D3 /* SwiftParseLoginTests.xctest */,
			);
			name = Products;
			sourceTree = "<group>";
		};
		F9B4A1EF19CC4A900087A5D3 /* SwiftParseLogin */ = {
			isa = PBXGroup;
			children = (
				F9B4A1F219CC4A910087A5D3 /* AppDelegate.swift */,
				F9B4A1F419CC4A910087A5D3 /* ViewController.swift */,
				F9B4A1F619CC4A910087A5D3 /* Main.storyboard */,
				F9B4A1F919CC4A910087A5D3 /* Images.xcassets */,
				F9B4A1F019CC4A900087A5D3 /* Supporting Files */,
			);
			path = SwiftParseLogin;
			sourceTree = "<group>";
		};
		F9B4A1F019CC4A900087A5D3 /* Supporting Files */ = {
			isa = PBXGroup;
			children = (
				F9E77AD819D1571600A4E3C8 /* Resources */,
				F9B4A1F119CC4A910087A5D3 /* Info.plist */,
			);
			name = "Supporting Files";
			sourceTree = "<group>";
		};
		F9B4A20219CC4A920087A5D3 /* SwiftParseLoginTests */ = {
			isa = PBXGroup;
			children = (
				F9B4A20519CC4A920087A5D3 /* SwiftParseLoginTests.swift */,
				F9B4A20319CC4A920087A5D3 /* Supporting Files */,
			);
			path = SwiftParseLoginTests;
			sourceTree = "<group>";
		};
		F9B4A20319CC4A920087A5D3 /* Supporting Files */ = {
			isa = PBXGroup;
			children = (
				F9B4A20419CC4A920087A5D3 /* Info.plist */,
			);
			name = "Supporting Files";
			sourceTree = "<group>";
		};
		F9E77AD819D1571600A4E3C8 /* Resources */ = {
			isa = PBXGroup;
			children = (
				F9E77AD919D16F6900A4E3C8 /* Logo.png */,
				F9E77AD619D1570C00A4E3C8 /* dark-background.png */,
			);
			name = Resources;
			sourceTree = "<group>";
		};
/* End PBXGroup section */

/* Begin PBXNativeTarget section */
		F9B4A1EC19CC4A8F0087A5D3 /* SwiftParseLogin */ = {
			isa = PBXNativeTarget;
			buildConfigurationList = F9B4A20919CC4A920087A5D3 /* Build configuration list for PBXNativeTarget "SwiftParseLogin" */;
			buildPhases = (
				48EE66D2876541FEA8729E6F /* Check Pods Manifest.lock */,
				F9B4A1E919CC4A8F0087A5D3 /* Sources */,
				F9B4A1EA19CC4A8F0087A5D3 /* Frameworks */,
				F9B4A1EB19CC4A8F0087A5D3 /* Resources */,
				1D046CCBA5374E4E9B7ED331 /* Copy Pods Resources */,
			);
			buildRules = (
			);
			dependencies = (
			);
			name = SwiftParseLogin;
			productName = SwiftParseLogin;
			productReference = F9B4A1ED19CC4A900087A5D3 /* SwiftParseLogin.app */;
			productType = "com.apple.product-type.application";
		};
		F9B4A1FE19CC4A920087A5D3 /* SwiftParseLoginTests */ = {
			isa = PBXNativeTarget;
			buildConfigurationList = F9B4A20C19CC4A920087A5D3 /* Build configuration list for PBXNativeTarget "SwiftParseLoginTests" */;
			buildPhases = (
				F9B4A1FB19CC4A920087A5D3 /* Sources */,
				F9B4A1FC19CC4A920087A5D3 /* Frameworks */,
				F9B4A1FD19CC4A920087A5D3 /* Resources */,
			);
			buildRules = (
			);
			dependencies = (
				F9B4A20119CC4A920087A5D3 /* PBXTargetDependency */,
			);
			name = SwiftParseLoginTests;
			productName = SwiftParseLoginTests;
			productReference = F9B4A1FF19CC4A920087A5D3 /* SwiftParseLoginTests.xctest */;
			productType = "com.apple.product-type.bundle.unit-test";
		};
/* End PBXNativeTarget section */

/* Begin PBXProject section */
		F9B4A1E519CC4A8E0087A5D3 /* Project object */ = {
			isa = PBXProject;
			attributes = {
				LastUpgradeCheck = 0600;
				ORGANIZATIONNAME = Neev;
				TargetAttributes = {
					F9B4A1EC19CC4A8F0087A5D3 = {
						CreatedOnToolsVersion = 6.0;
					};
					F9B4A1FE19CC4A920087A5D3 = {
						CreatedOnToolsVersion = 6.0;
						TestTargetID = F9B4A1EC19CC4A8F0087A5D3;
					};
				};
			};
			buildConfigurationList = F9B4A1E819CC4A8E0087A5D3 /* Build configuration list for PBXProject "SwiftParseLogin" */;
			compatibilityVersion = "Xcode 3.2";
			developmentRegion = English;
			hasScannedForEncodings = 0;
			knownRegions = (
				en,
				Base,
			);
			mainGroup = F9B4A1E419CC4A8E0087A5D3;
			productRefGroup = F9B4A1EE19CC4A900087A5D3 /* Products */;
			projectDirPath = "";
			projectRoot = "";
			targets = (
				F9B4A1EC19CC4A8F0087A5D3 /* SwiftParseLogin */,
				F9B4A1FE19CC4A920087A5D3 /* SwiftParseLoginTests */,
			);
		};
/* End PBXProject section */

/* Begin PBXResourcesBuildPhase section */
		F9B4A1EB19CC4A8F0087A5D3 /* Resources */ = {
			isa = PBXResourcesBuildPhase;
			buildActionMask = 2147483647;
			files = (
				F9E77ADA19D16F6900A4E3C8 /* Logo.png in Resources */,
				F9E77AD719D1570C00A4E3C8 /* dark-background.png in Resources */,
				F9B4A1F819CC4A910087A5D3 /* Main.storyboard in Resources */,
				F9B4A1FA19CC4A910087A5D3 /* Images.xcassets in Resources */,
			);
			runOnlyForDeploymentPostprocessing = 0;
		};
		F9B4A1FD19CC4A920087A5D3 /* Resources */ = {
			isa = PBXResourcesBuildPhase;
			buildActionMask = 2147483647;
			files = (
			);
			runOnlyForDeploymentPostprocessing = 0;
		};
/* End PBXResourcesBuildPhase section */

/* Begin PBXShellScriptBuildPhase section */
		1D046CCBA5374E4E9B7ED331 /* Copy Pods Resources */ = {
			isa = PBXShellScriptBuildPhase;
			buildActionMask = 2147483647;
			files = (
			);
			inputPaths = (
			);
			name = "Copy Pods Resources";
			outputPaths = (
			);
			runOnlyForDeploymentPostprocessing = 0;
			shellPath = /bin/sh;
			shellScript = "\"${SRCROOT}/Pods/Pods-SwiftParseLogin-resources.sh\"\n";
			showEnvVarsInLog = 0;
		};
		48EE66D2876541FEA8729E6F /* Check Pods Manifest.lock */ = {
			isa = PBXShellScriptBuildPhase;
			buildActionMask = 2147483647;
			files = (
			);
			inputPaths = (
			);
			name = "Check Pods Manifest.lock";
			outputPaths = (
			);
			runOnlyForDeploymentPostprocessing = 0;
			shellPath = /bin/sh;
			shellScript = "diff \"${PODS_ROOT}/../Podfile.lock\" \"${PODS_ROOT}/Manifest.lock\" > /dev/null\nif [[ $? != 0 ]] ; then\n    cat << EOM\nerror: The sandbox is not in sync with the Podfile.lock. Run 'pod install' or update your CocoaPods installation.\nEOM\n    exit 1\nfi\n";
			showEnvVarsInLog = 0;
		};
/* End PBXShellScriptBuildPhase section */

/* Begin PBXSourcesBuildPhase section */
		F9B4A1E919CC4A8F0087A5D3 /* Sources */ = {
			isa = PBXSourcesBuildPhase;
			buildActionMask = 2147483647;
			files = (
				F9B4A1F519CC4A910087A5D3 /* ViewController.swift in Sources */,
				F9B4A1F319CC4A910087A5D3 /* AppDelegate.swift in Sources */,
			);
			runOnlyForDeploymentPostprocessing = 0;
		};
		F9B4A1FB19CC4A920087A5D3 /* Sources */ = {
			isa = PBXSourcesBuildPhase;
			buildActionMask = 2147483647;
			files = (
				F9B4A20619CC4A920087A5D3 /* SwiftParseLoginTests.swift in Sources */,
			);
			runOnlyForDeploymentPostprocessing = 0;
		};
/* End PBXSourcesBuildPhase section */

/* Begin PBXTargetDependency section */
		F9B4A20119CC4A920087A5D3 /* PBXTargetDependency */ = {
			isa = PBXTargetDependency;
			target = F9B4A1EC19CC4A8F0087A5D3 /* SwiftParseLogin */;
			targetProxy = F9B4A20019CC4A920087A5D3 /* PBXContainerItemProxy */;
		};
/* End PBXTargetDependency section */

/* Begin PBXVariantGroup section */
		F9B4A1F619CC4A910087A5D3 /* Main.storyboard */ = {
			isa = PBXVariantGroup;
			children = (
				F9B4A1F719CC4A910087A5D3 /* Base */,
			);
			name = Main.storyboard;
			sourceTree = "<group>";
		};
/* End PBXVariantGroup section */

/* Begin XCBuildConfiguration section */
		F9B4A20719CC4A920087A5D3 /* Debug */ = {
			isa = XCBuildConfiguration;
			buildSettings = {
				ALWAYS_SEARCH_USER_PATHS = NO;
				CLANG_CXX_LANGUAGE_STANDARD = "gnu++0x";
				CLANG_CXX_LIBRARY = "libc++";
				CLANG_ENABLE_MODULES = YES;
				CLANG_ENABLE_OBJC_ARC = YES;
				CLANG_WARN_BOOL_CONVERSION = YES;
				CLANG_WARN_CONSTANT_CONVERSION = YES;
				CLANG_WARN_DIRECT_OBJC_ISA_USAGE = YES_ERROR;
				CLANG_WARN_EMPTY_BODY = YES;
				CLANG_WARN_ENUM_CONVERSION = YES;
				CLANG_WARN_INT_CONVERSION = YES;
				CLANG_WARN_OBJC_ROOT_CLASS = YES_ERROR;
				CLANG_WARN_UNREACHABLE_CODE = YES;
				CLANG_WARN__DUPLICATE_METHOD_MATCH = YES;
				"CODE_SIGN_IDENTITY[sdk=iphoneos*]" = "iPhone Developer";
				COPY_PHASE_STRIP = NO;
				ENABLE_STRICT_OBJC_MSGSEND = YES;
				GCC_C_LANGUAGE_STANDARD = gnu99;
				GCC_DYNAMIC_NO_PIC = NO;
				GCC_OPTIMIZATION_LEVEL = 0;
				GCC_PREPROCESSOR_DEFINITIONS = (
					"DEBUG=1",
					"$(inherited)",
				);
				GCC_SYMBOLS_PRIVATE_EXTERN = NO;
				GCC_WARN_64_TO_32_BIT_CONVERSION = YES;
				GCC_WARN_ABOUT_RETURN_TYPE = YES_ERROR;
				GCC_WARN_UNDECLARED_SELECTOR = YES;
				GCC_WARN_UNINITIALIZED_AUTOS = YES_AGGRESSIVE;
				GCC_WARN_UNUSED_FUNCTION = YES;
				GCC_WARN_UNUSED_VARIABLE = YES;
				IPHONEOS_DEPLOYMENT_TARGET = 8.0;
				MTL_ENABLE_DEBUG_INFO = YES;
				ONLY_ACTIVE_ARCH = YES;
				SDKROOT = iphoneos;
				SWIFT_OPTIMIZATION_LEVEL = "-Onone";
			};
			name = Debug;
		};
		F9B4A20819CC4A920087A5D3 /* Release */ = {
			isa = XCBuildConfiguration;
			buildSettings = {
				ALWAYS_SEARCH_USER_PATHS = NO;
				CLANG_CXX_LANGUAGE_STANDARD = "gnu++0x";
				CLANG_CXX_LIBRARY = "libc++";
				CLANG_ENABLE_MODULES = YES;
				CLANG_ENABLE_OBJC_ARC = YES;
				CLANG_WARN_BOOL_CONVERSION = YES;
				CLANG_WARN_CONSTANT_CONVERSION = YES;
				CLANG_WARN_DIRECT_OBJC_ISA_USAGE = YES_ERROR;
				CLANG_WARN_EMPTY_BODY = YES;
				CLANG_WARN_ENUM_CONVERSION = YES;
				CLANG_WARN_INT_CONVERSION = YES;
				CLANG_WARN_OBJC_ROOT_CLASS = YES_ERROR;
				CLANG_WARN_UNREACHABLE_CODE = YES;
				CLANG_WARN__DUPLICATE_METHOD_MATCH = YES;
				"CODE_SIGN_IDENTITY[sdk=iphoneos*]" = "iPhone Developer";
				COPY_PHASE_STRIP = YES;
				ENABLE_NS_ASSERTIONS = NO;
				ENABLE_STRICT_OBJC_MSGSEND = YES;
				GCC_C_LANGUAGE_STANDARD = gnu99;
				GCC_WARN_64_TO_32_BIT_CONVERSION = YES;
				GCC_WARN_ABOUT_RETURN_TYPE = YES_ERROR;
				GCC_WARN_UNDECLARED_SELECTOR = YES;
				GCC_WARN_UNINITIALIZED_AUTOS = YES_AGGRESSIVE;
				GCC_WARN_UNUSED_FUNCTION = YES;
				GCC_WARN_UNUSED_VARIABLE = YES;
				IPHONEOS_DEPLOYMENT_TARGET = 8.0;
				MTL_ENABLE_DEBUG_INFO = NO;
				SDKROOT = iphoneos;
				VALIDATE_PRODUCT = YES;
			};
			name = Release;
		};
		F9B4A20A19CC4A920087A5D3 /* Debug */ = {
			isa = XCBuildConfiguration;
			baseConfigurationReference = 29AE02164ABA47FAA5B55A63 /* Pods-SwiftParseLogin.xcconfig */;
			buildSettings = {
				ASSETCATALOG_COMPILER_APPICON_NAME = AppIcon;
				ASSETCATALOG_COMPILER_LAUNCHIMAGE_NAME = LaunchImage;
				INFOPLIST_FILE = SwiftParseLogin/Info.plist;
				LD_RUNPATH_SEARCH_PATHS = "$(inherited) @executable_path/Frameworks";
				PRODUCT_NAME = "$(TARGET_NAME)";
				SWIFT_OBJC_BRIDGING_HEADER = "Bridging-Header.h";
			};
			name = Debug;
		};
		F9B4A20B19CC4A920087A5D3 /* Release */ = {
			isa = XCBuildConfiguration;
			baseConfigurationReference = 29AE02164ABA47FAA5B55A63 /* Pods-SwiftParseLogin.xcconfig */;
			buildSettings = {
				ASSETCATALOG_COMPILER_APPICON_NAME = AppIcon;
				ASSETCATALOG_COMPILER_LAUNCHIMAGE_NAME = LaunchImage;
				INFOPLIST_FILE = SwiftParseLogin/Info.plist;
				LD_RUNPATH_SEARCH_PATHS = "$(inherited) @executable_path/Frameworks";
				PRODUCT_NAME = "$(TARGET_NAME)";
				SWIFT_OBJC_BRIDGING_HEADER = "Bridging-Header.h";
			};
			name = Release;
		};
		F9B4A20D19CC4A920087A5D3 /* Debug */ = {
			isa = XCBuildConfiguration;
			buildSettings = {
				BUNDLE_LOADER = "$(TEST_HOST)";
				FRAMEWORK_SEARCH_PATHS = (
					"$(SDKROOT)/Developer/Library/Frameworks",
					"$(inherited)",
				);
				GCC_PREPROCESSOR_DEFINITIONS = (
					"DEBUG=1",
					"$(inherited)",
				);
				INFOPLIST_FILE = SwiftParseLoginTests/Info.plist;
				LD_RUNPATH_SEARCH_PATHS = "$(inherited) @executable_path/Frameworks @loader_path/Frameworks";
				PRODUCT_NAME = "$(TARGET_NAME)";
				TEST_HOST = "$(BUILT_PRODUCTS_DIR)/SwiftParseLogin.app/SwiftParseLogin";
			};
			name = Debug;
		};
		F9B4A20E19CC4A920087A5D3 /* Release */ = {
			isa = XCBuildConfiguration;
			buildSettings = {
				BUNDLE_LOADER = "$(TEST_HOST)";
				FRAMEWORK_SEARCH_PATHS = (
					"$(SDKROOT)/Developer/Library/Frameworks",
					"$(inherited)",
				);
				INFOPLIST_FILE = SwiftParseLoginTests/Info.plist;
				LD_RUNPATH_SEARCH_PATHS = "$(inherited) @executable_path/Frameworks @loader_path/Frameworks";
				PRODUCT_NAME = "$(TARGET_NAME)";
				TEST_HOST = "$(BUILT_PRODUCTS_DIR)/SwiftParseLogin.app/SwiftParseLogin";
			};
			name = Release;
		};
/* End XCBuildConfiguration section */

/* Begin XCConfigurationList section */
		F9B4A1E819CC4A8E0087A5D3 /* Build configuration list for PBXProject "SwiftParseLogin" */ = {
			isa = XCConfigurationList;
			buildConfigurations = (
				F9B4A20719CC4A920087A5D3 /* Debug */,
				F9B4A20819CC4A920087A5D3 /* Release */,
			);
			defaultConfigurationIsVisible = 0;
			defaultConfigurationName = Release;
		};
		F9B4A20919CC4A920087A5D3 /* Build configuration list for PBXNativeTarget "SwiftParseLogin" */ = {
			isa = XCConfigurationList;
			buildConfigurations = (
				F9B4A20A19CC4A920087A5D3 /* Debug */,
				F9B4A20B19CC4A920087A5D3 /* Release */,
			);
			defaultConfigurationIsVisible = 0;
			defaultConfigurationName = Release;
		};
		F9B4A20C19CC4A920087A5D3 /* Build configuration list for PBXNativeTarget "SwiftParseLoginTests" */ = {
			isa = XCConfigurationList;
			buildConfigurations = (
				F9B4A20D19CC4A920087A5D3 /* Debug */,
				F9B4A20E19CC4A920087A5D3 /* Release */,
			);
			defaultConfigurationIsVisible = 0;
			defaultConfigurationName = Release;
		};
/* End XCConfigurationList section */
	};
	rootObject = F9B4A1E519CC4A8E0087A5D3 /* Project object */;
}
